
Microsoft Visual Studio Solution File, Format Version 12.00
# Visual Studio Version 16
VisualStudioVersion = 16.0.29709.97
MinimumVisualStudioVersion = 10.0.40219.1
Project("{FAE04EC0-301F-11D3-BF4B-00C04F79EFBC}") = "MegaDesk-HarmonyDurfee", "MegaDesk-HarmonyDurfee\MegaDesk-HarmonyDurfee.csproj", "{6084A5F4-832A-4BAF-B924-DE0BC5254927}"
EndProject
Global
	GlobalSection(SolutionConfigurationPlatforms) = preSolution
		Debug|Any CPU = Debug|Any CPU
		Release|Any CPU = Release|Any CPU
	EndGlobalSection
	GlobalSection(ProjectConfigurationPlatforms) = postSolution
		{6084A5F4-832A-4BAF-B924-DE0BC5254927}.Debug|Any CPU.ActiveCfg = Debug|Any CPU
		{6084A5F4-832A-4BAF-B924-DE0BC5254927}.Debug|Any CPU.Build.0 = Debug|Any CPU
		{6084A5F4-832A-4BAF-B924-DE0BC5254927}.Release|Any CPU.ActiveCfg = Release|Any CPU
		{6084A5F4-832A-4BAF-B924-DE0BC5254927}.Release|Any CPU.Build.0 = Release|Any CPU
	EndGlobalSection
	GlobalSection(SolutionProperties) = preSolution
		HideSolutionNode = FALSE
	EndGlobalSection
	GlobalSection(ExtensibilityGlobals) = postSolution
		SolutionGuid = {DFDCE978-A7BD-498C-B797-EAB621E4C0EB}
	EndGlobalSection
EndGlobal
