
Microsoft Visual Studio Solution File, Format Version 12.00
# Visual Studio Version 16
VisualStudioVersion = 16.0.29613.14
MinimumVisualStudioVersion = 10.0.40219.1
Project("{FAE04EC0-301F-11D3-BF4B-00C04F79EFBC}") = "ConsoleApplication", "ConsoleApplication\ConsoleApplication.csproj", "{0D74A43E-8C65-4274-B881-87591E47EDFF}"
EndProject
Global
	GlobalSection(SolutionConfigurationPlatforms) = preSolution
		Debug|Any CPU = Debug|Any CPU
		Release|Any CPU = Release|Any CPU
	EndGlobalSection
	GlobalSection(ProjectConfigurationPlatforms) = postSolution
		{0D74A43E-8C65-4274-B881-87591E47EDFF}.Debug|Any CPU.ActiveCfg = Debug|Any CPU
		{0D74A43E-8C65-4274-B881-87591E47EDFF}.Debug|Any CPU.Build.0 = Debug|Any CPU
		{0D74A43E-8C65-4274-B881-87591E47EDFF}.Release|Any CPU.ActiveCfg = Release|Any CPU
		{0D74A43E-8C65-4274-B881-87591E47EDFF}.Release|Any CPU.Build.0 = Release|Any CPU
	EndGlobalSection
	GlobalSection(SolutionProperties) = preSolution
		HideSolutionNode = FALSE
	EndGlobalSection
	GlobalSection(ExtensibilityGlobals) = postSolution
		SolutionGuid = {58B83F6A-E37B-40DC-B90E-42BEE99B6E4D}
	EndGlobalSection
EndGlobal
